
Microsoft Visual Studio Solution File, Format Version 12.00
# Visual Studio Version 17
VisualStudioVersion = 17.7.34221.43
MinimumVisualStudioVersion = 10.0.40219.1
Project("{9A19103F-16F7-4668-BE54-9A1E7A4F7556}") = "EmployeeERP", "EmployeeERP\EmployeeERP.csproj", "{A2A6BB9F-4DD8-48B4-813E-46A9E5780B12}"
EndProject
Global
	GlobalSection(SolutionConfigurationPlatforms) = preSolution
		Debug|Any CPU = Debug|Any CPU
		Release|Any CPU = Release|Any CPU
	EndGlobalSection
	GlobalSection(ProjectConfigurationPlatforms) = postSolution
		{A2A6BB9F-4DD8-48B4-813E-46A9E5780B12}.Debug|Any CPU.ActiveCfg = Debug|Any CPU
		{A2A6BB9F-4DD8-48B4-813E-46A9E5780B12}.Debug|Any CPU.Build.0 = Debug|Any CPU
		{A2A6BB9F-4DD8-48B4-813E-46A9E5780B12}.Release|Any CPU.ActiveCfg = Release|Any CPU
		{A2A6BB9F-4DD8-48B4-813E-46A9E5780B12}.Release|Any CPU.Build.0 = Release|Any CPU
	EndGlobalSection
	GlobalSection(SolutionProperties) = preSolution
		HideSolutionNode = FALSE
	EndGlobalSection
	GlobalSection(ExtensibilityGlobals) = postSolution
		SolutionGuid = {9661C092-A196-43FC-B8E7-77EF1A07B0E5}
	EndGlobalSection
EndGlobal
